
Microsoft Visual Studio Solution File, Format Version 12.00
# Visual Studio Version 17
VisualStudioVersion = 17.7.34221.43
MinimumVisualStudioVersion = 10.0.40219.1
Project("{9A19103F-16F7-4668-BE54-9A1E7A4F7556}") = "AbstractClassesInterfaces", "AbstractClassesInterfaces\AbstractClassesInterfaces.csproj", "{50BDB331-49CD-44F9-911D-53DF2C260296}"
EndProject
Project("{9A19103F-16F7-4668-BE54-9A1E7A4F7556}") = "Classes", "Classes\Classes.csproj", "{E2AEF881-05E0-4438-9AF7-56F6775AC435}"
EndProject
Project("{9A19103F-16F7-4668-BE54-9A1E7A4F7556}") = "InternationalPublicManagement", "RelazioniOrizzontali\InternationalPublicManagement.csproj", "{1EF76B51-1F32-4A6B-AE5F-248D4F019FD1}"
EndProject
Project("{9A19103F-16F7-4668-BE54-9A1E7A4F7556}") = "Spotify", "Spotify\Spotify.csproj", "{1AEB32C9-0344-4977-9793-23C2BAAF0F96}"
EndProject
Project("{9A19103F-16F7-4668-BE54-9A1E7A4F7556}") = "FileSystem", "FileSystem\FileSystem.csproj", "{165F02B1-3360-456B-98FF-0035B3A351D4}"
EndProject
Global
	GlobalSection(SolutionConfigurationPlatforms) = preSolution
		Debug|Any CPU = Debug|Any CPU
		Release|Any CPU = Release|Any CPU
	EndGlobalSection
	GlobalSection(ProjectConfigurationPlatforms) = postSolution
		{50BDB331-49CD-44F9-911D-53DF2C260296}.Debug|Any CPU.ActiveCfg = Debug|Any CPU
		{50BDB331-49CD-44F9-911D-53DF2C260296}.Debug|Any CPU.Build.0 = Debug|Any CPU
		{50BDB331-49CD-44F9-911D-53DF2C260296}.Release|Any CPU.ActiveCfg = Release|Any CPU
		{50BDB331-49CD-44F9-911D-53DF2C260296}.Release|Any CPU.Build.0 = Release|Any CPU
		{E2AEF881-05E0-4438-9AF7-56F6775AC435}.Debug|Any CPU.ActiveCfg = Debug|Any CPU
		{E2AEF881-05E0-4438-9AF7-56F6775AC435}.Debug|Any CPU.Build.0 = Debug|Any CPU
		{E2AEF881-05E0-4438-9AF7-56F6775AC435}.Release|Any CPU.ActiveCfg = Release|Any CPU
		{E2AEF881-05E0-4438-9AF7-56F6775AC435}.Release|Any CPU.Build.0 = Release|Any CPU
		{1EF76B51-1F32-4A6B-AE5F-248D4F019FD1}.Debug|Any CPU.ActiveCfg = Debug|Any CPU
		{1EF76B51-1F32-4A6B-AE5F-248D4F019FD1}.Debug|Any CPU.Build.0 = Debug|Any CPU
		{1EF76B51-1F32-4A6B-AE5F-248D4F019FD1}.Release|Any CPU.ActiveCfg = Release|Any CPU
		{1EF76B51-1F32-4A6B-AE5F-248D4F019FD1}.Release|Any CPU.Build.0 = Release|Any CPU
		{1AEB32C9-0344-4977-9793-23C2BAAF0F96}.Debug|Any CPU.ActiveCfg = Debug|Any CPU
		{1AEB32C9-0344-4977-9793-23C2BAAF0F96}.Debug|Any CPU.Build.0 = Debug|Any CPU
		{1AEB32C9-0344-4977-9793-23C2BAAF0F96}.Release|Any CPU.ActiveCfg = Release|Any CPU
		{1AEB32C9-0344-4977-9793-23C2BAAF0F96}.Release|Any CPU.Build.0 = Release|Any CPU
		{165F02B1-3360-456B-98FF-0035B3A351D4}.Debug|Any CPU.ActiveCfg = Debug|Any CPU
		{165F02B1-3360-456B-98FF-0035B3A351D4}.Debug|Any CPU.Build.0 = Debug|Any CPU
		{165F02B1-3360-456B-98FF-0035B3A351D4}.Release|Any CPU.ActiveCfg = Release|Any CPU
		{165F02B1-3360-456B-98FF-0035B3A351D4}.Release|Any CPU.Build.0 = Release|Any CPU
	EndGlobalSection
	GlobalSection(SolutionProperties) = preSolution
		HideSolutionNode = FALSE
	EndGlobalSection
	GlobalSection(ExtensibilityGlobals) = postSolution
		SolutionGuid = {E555F253-CE60-4C6A-BB63-3DA9551F9A7F}
	EndGlobalSection
EndGlobal
