
Microsoft Visual Studio Solution File, Format Version 12.00
# Visual Studio Version 17
VisualStudioVersion = 17.7.34221.43
MinimumVisualStudioVersion = 10.0.40219.1
Project("{9A19103F-16F7-4668-BE54-9A1E7A4F7556}") = "AbstractClassesInterfaces", "AbstractClassesInterfaces\AbstractClassesInterfaces.csproj", "{50BDB331-49CD-44F9-911D-53DF2C260296}"
EndProject
Project("{9A19103F-16F7-4668-BE54-9A1E7A4F7556}") = "Classes", "Classes\Classes.csproj", "{E2AEF881-05E0-4438-9AF7-56F6775AC435}"
EndProject
Project("{9A19103F-16F7-4668-BE54-9A1E7A4F7556}") = "InternationalPublicManagement", "RelazioniOrizzontali\InternationalPublicManagement.csproj", "{1EF76B51-1F32-4A6B-AE5F-248D4F019FD1}"
EndProject
Project("{9A19103F-16F7-4668-BE54-9A1E7A4F7556}") = "FileSystem", "FileSystem\FileSystem.csproj", "{165F02B1-3360-456B-98FF-0035B3A351D4}"
EndProject
Project("{9A19103F-16F7-4668-BE54-9A1E7A4F7556}") = "SpotifyLibrary", "SpotifyClone\SpotifyLibrary.csproj", "{20FA7B0B-DA8E-4E49-9B4E-8290B9170024}"
EndProject
Project("{9A19103F-16F7-4668-BE54-9A1E7A4F7556}") = "Proxy", "Proxy\Proxy.csproj", "{DA818F02-8B35-4650-95E8-65F72128500E}"
EndProject
Project("{9A19103F-16F7-4668-BE54-9A1E7A4F7556}") = "SpotifyService", "Spotify Service\SpotifyService.csproj", "{AE0D3DD7-8F2F-41BB-A89F-7F9C5B8C181A}"
EndProject
Project("{2150E333-8FDC-42A3-9474-1A3956D46DE8}") = "Spotify Project", "Spotify Project", "{2FD8DBB4-D2FB-4E73-811A-5FE99F6C6FDE}"
EndProject
Project("{9A19103F-16F7-4668-BE54-9A1E7A4F7556}") = "Presentation", "Presentation\Presentation.csproj", "{E6FB5F3D-A7D7-42F0-82DB-80F8724F01A4}"
EndProject
Project("{9A19103F-16F7-4668-BE54-9A1E7A4F7556}") = "ServiceLayer", "ServiceLayer\ServiceLayer.csproj", "{A7D88FD5-CD59-452A-BA41-CB331A6CABA2}"
EndProject
Project("{9A19103F-16F7-4668-BE54-9A1E7A4F7556}") = "DataLayer", "DataLayer\DataLayer.csproj", "{F0A09186-5719-43AE-8E58-6FBF01189724}"
EndProject
Project("{9A19103F-16F7-4668-BE54-9A1E7A4F7556}") = "SpotifyPresentation1", "SpotifyPresentation1\SpotifyPresentation1.csproj", "{9288DF62-5855-455B-A075-E69E7A69D351}"
EndProject
Project("{2150E333-8FDC-42A3-9474-1A3956D46DE8}") = "SpotifyUltimate", "SpotifyUltimate", "{126F509D-FD5D-4317-BB7E-08401BD7ACE8}"
EndProject
Global
	GlobalSection(SolutionConfigurationPlatforms) = preSolution
		Debug|Any CPU = Debug|Any CPU
		Release|Any CPU = Release|Any CPU
	EndGlobalSection
	GlobalSection(ProjectConfigurationPlatforms) = postSolution
		{50BDB331-49CD-44F9-911D-53DF2C260296}.Debug|Any CPU.ActiveCfg = Debug|Any CPU
		{50BDB331-49CD-44F9-911D-53DF2C260296}.Debug|Any CPU.Build.0 = Debug|Any CPU
		{50BDB331-49CD-44F9-911D-53DF2C260296}.Release|Any CPU.ActiveCfg = Release|Any CPU
		{50BDB331-49CD-44F9-911D-53DF2C260296}.Release|Any CPU.Build.0 = Release|Any CPU
		{E2AEF881-05E0-4438-9AF7-56F6775AC435}.Debug|Any CPU.ActiveCfg = Debug|Any CPU
		{E2AEF881-05E0-4438-9AF7-56F6775AC435}.Debug|Any CPU.Build.0 = Debug|Any CPU
		{E2AEF881-05E0-4438-9AF7-56F6775AC435}.Release|Any CPU.ActiveCfg = Release|Any CPU
		{E2AEF881-05E0-4438-9AF7-56F6775AC435}.Release|Any CPU.Build.0 = Release|Any CPU
		{1EF76B51-1F32-4A6B-AE5F-248D4F019FD1}.Debug|Any CPU.ActiveCfg = Debug|Any CPU
		{1EF76B51-1F32-4A6B-AE5F-248D4F019FD1}.Debug|Any CPU.Build.0 = Debug|Any CPU
		{1EF76B51-1F32-4A6B-AE5F-248D4F019FD1}.Release|Any CPU.ActiveCfg = Release|Any CPU
		{1EF76B51-1F32-4A6B-AE5F-248D4F019FD1}.Release|Any CPU.Build.0 = Release|Any CPU
		{165F02B1-3360-456B-98FF-0035B3A351D4}.Debug|Any CPU.ActiveCfg = Debug|Any CPU
		{165F02B1-3360-456B-98FF-0035B3A351D4}.Debug|Any CPU.Build.0 = Debug|Any CPU
		{165F02B1-3360-456B-98FF-0035B3A351D4}.Release|Any CPU.ActiveCfg = Release|Any CPU
		{165F02B1-3360-456B-98FF-0035B3A351D4}.Release|Any CPU.Build.0 = Release|Any CPU
		{20FA7B0B-DA8E-4E49-9B4E-8290B9170024}.Debug|Any CPU.ActiveCfg = Debug|Any CPU
		{20FA7B0B-DA8E-4E49-9B4E-8290B9170024}.Debug|Any CPU.Build.0 = Debug|Any CPU
		{20FA7B0B-DA8E-4E49-9B4E-8290B9170024}.Release|Any CPU.ActiveCfg = Release|Any CPU
		{20FA7B0B-DA8E-4E49-9B4E-8290B9170024}.Release|Any CPU.Build.0 = Release|Any CPU
		{DA818F02-8B35-4650-95E8-65F72128500E}.Debug|Any CPU.ActiveCfg = Debug|Any CPU
		{DA818F02-8B35-4650-95E8-65F72128500E}.Debug|Any CPU.Build.0 = Debug|Any CPU
		{DA818F02-8B35-4650-95E8-65F72128500E}.Release|Any CPU.ActiveCfg = Release|Any CPU
		{DA818F02-8B35-4650-95E8-65F72128500E}.Release|Any CPU.Build.0 = Release|Any CPU
		{AE0D3DD7-8F2F-41BB-A89F-7F9C5B8C181A}.Debug|Any CPU.ActiveCfg = Debug|Any CPU
		{AE0D3DD7-8F2F-41BB-A89F-7F9C5B8C181A}.Debug|Any CPU.Build.0 = Debug|Any CPU
		{AE0D3DD7-8F2F-41BB-A89F-7F9C5B8C181A}.Release|Any CPU.ActiveCfg = Release|Any CPU
		{AE0D3DD7-8F2F-41BB-A89F-7F9C5B8C181A}.Release|Any CPU.Build.0 = Release|Any CPU
		{E6FB5F3D-A7D7-42F0-82DB-80F8724F01A4}.Debug|Any CPU.ActiveCfg = Debug|Any CPU
		{E6FB5F3D-A7D7-42F0-82DB-80F8724F01A4}.Debug|Any CPU.Build.0 = Debug|Any CPU
		{E6FB5F3D-A7D7-42F0-82DB-80F8724F01A4}.Release|Any CPU.ActiveCfg = Release|Any CPU
		{E6FB5F3D-A7D7-42F0-82DB-80F8724F01A4}.Release|Any CPU.Build.0 = Release|Any CPU
		{A7D88FD5-CD59-452A-BA41-CB331A6CABA2}.Debug|Any CPU.ActiveCfg = Debug|Any CPU
		{A7D88FD5-CD59-452A-BA41-CB331A6CABA2}.Debug|Any CPU.Build.0 = Debug|Any CPU
		{A7D88FD5-CD59-452A-BA41-CB331A6CABA2}.Release|Any CPU.ActiveCfg = Release|Any CPU
		{A7D88FD5-CD59-452A-BA41-CB331A6CABA2}.Release|Any CPU.Build.0 = Release|Any CPU
		{F0A09186-5719-43AE-8E58-6FBF01189724}.Debug|Any CPU.ActiveCfg = Debug|Any CPU
		{F0A09186-5719-43AE-8E58-6FBF01189724}.Debug|Any CPU.Build.0 = Debug|Any CPU
		{F0A09186-5719-43AE-8E58-6FBF01189724}.Release|Any CPU.ActiveCfg = Release|Any CPU
		{F0A09186-5719-43AE-8E58-6FBF01189724}.Release|Any CPU.Build.0 = Release|Any CPU
		{9288DF62-5855-455B-A075-E69E7A69D351}.Debug|Any CPU.ActiveCfg = Debug|Any CPU
		{9288DF62-5855-455B-A075-E69E7A69D351}.Debug|Any CPU.Build.0 = Debug|Any CPU
		{9288DF62-5855-455B-A075-E69E7A69D351}.Release|Any CPU.ActiveCfg = Release|Any CPU
		{9288DF62-5855-455B-A075-E69E7A69D351}.Release|Any CPU.Build.0 = Release|Any CPU
	EndGlobalSection
	GlobalSection(SolutionProperties) = preSolution
		HideSolutionNode = FALSE
	EndGlobalSection
	GlobalSection(NestedProjects) = preSolution
		{20FA7B0B-DA8E-4E49-9B4E-8290B9170024} = {126F509D-FD5D-4317-BB7E-08401BD7ACE8}
		{AE0D3DD7-8F2F-41BB-A89F-7F9C5B8C181A} = {126F509D-FD5D-4317-BB7E-08401BD7ACE8}
		{E6FB5F3D-A7D7-42F0-82DB-80F8724F01A4} = {2FD8DBB4-D2FB-4E73-811A-5FE99F6C6FDE}
		{A7D88FD5-CD59-452A-BA41-CB331A6CABA2} = {2FD8DBB4-D2FB-4E73-811A-5FE99F6C6FDE}
		{F0A09186-5719-43AE-8E58-6FBF01189724} = {2FD8DBB4-D2FB-4E73-811A-5FE99F6C6FDE}
		{9288DF62-5855-455B-A075-E69E7A69D351} = {126F509D-FD5D-4317-BB7E-08401BD7ACE8}
	EndGlobalSection
	GlobalSection(ExtensibilityGlobals) = postSolution
		SolutionGuid = {E555F253-CE60-4C6A-BB63-3DA9551F9A7F}
	EndGlobalSection
EndGlobal
