
Microsoft Visual Studio Solution File, Format Version 12.00
# Visual Studio Version 17
VisualStudioVersion = 17.7.34221.43
MinimumVisualStudioVersion = 10.0.40219.1
Project("{9A19103F-16F7-4668-BE54-9A1E7A4F7556}") = "AbstractClassesInterfaces", "AbstractClassesInterfaces\AbstractClassesInterfaces.csproj", "{50BDB331-49CD-44F9-911D-53DF2C260296}"
EndProject
Project("{9A19103F-16F7-4668-BE54-9A1E7A4F7556}") = "Classes", "Classes\Classes.csproj", "{E2AEF881-05E0-4438-9AF7-56F6775AC435}"
EndProject
Project("{9A19103F-16F7-4668-BE54-9A1E7A4F7556}") = "InternationalPublicManagement", "RelazioniOrizzontali\InternationalPublicManagement.csproj", "{1EF76B51-1F32-4A6B-AE5F-248D4F019FD1}"
EndProject
Project("{9A19103F-16F7-4668-BE54-9A1E7A4F7556}") = "FileSystem", "FileSystem\FileSystem.csproj", "{165F02B1-3360-456B-98FF-0035B3A351D4}"
EndProject
Project("{9A19103F-16F7-4668-BE54-9A1E7A4F7556}") = "SpotifyLibrary", "SpotifyClone\SpotifyLibrary.csproj", "{20FA7B0B-DA8E-4E49-9B4E-8290B9170024}"
EndProject
Project("{9A19103F-16F7-4668-BE54-9A1E7A4F7556}") = "Proxy", "Proxy\Proxy.csproj", "{DA818F02-8B35-4650-95E8-65F72128500E}"
EndProject
Project("{9A19103F-16F7-4668-BE54-9A1E7A4F7556}") = "SpotifyService", "Spotify Service\SpotifyService.csproj", "{AE0D3DD7-8F2F-41BB-A89F-7F9C5B8C181A}"
EndProject
Project("{9A19103F-16F7-4668-BE54-9A1E7A4F7556}") = "SpotifyPresentation1", "SpotifyPresentation1\SpotifyPresentation1.csproj", "{9288DF62-5855-455B-A075-E69E7A69D351}"
EndProject
Project("{2150E333-8FDC-42A3-9474-1A3956D46DE8}") = "SpotifyUltimate", "SpotifyUltimate", "{126F509D-FD5D-4317-BB7E-08401BD7ACE8}"
EndProject
Project("{2150E333-8FDC-42A3-9474-1A3956D46DE8}") = "DipencyInjectionOrder&MailExercise", "DipencyInjectionOrder&MailExercise", "{29B40015-CC1C-4BFF-956A-282E30D06FAB}"
EndProject
Project("{9A19103F-16F7-4668-BE54-9A1E7A4F7556}") = "DataLayer", "DataLayer\DataLayer.csproj", "{03B5FCC7-E190-4CD1-B8BA-7711CD2949CA}"
EndProject
Project("{9A19103F-16F7-4668-BE54-9A1E7A4F7556}") = "ServiceLayer", "ServiceLayer\ServiceLayer.csproj", "{981C6E54-742F-4D29-BE57-11A711C4712B}"
EndProject
Project("{9A19103F-16F7-4668-BE54-9A1E7A4F7556}") = "PresentationOrderMail", "PresentationOrder&Mail\PresentationOrderMail.csproj", "{67DC886C-964B-4C54-BC43-64E6B349F11B}"
EndProject
Project("{2150E333-8FDC-42A3-9474-1A3956D46DE8}") = "SpotifyProject", "SpotifyProject", "{F06A67BA-8D54-4A1C-82FE-6D300555CE55}"
EndProject
Project("{9A19103F-16F7-4668-BE54-9A1E7A4F7556}") = "Spotify_Presentation", "Spotify_Presentation\Spotify_Presentation.csproj", "{4B5DBD58-D910-4287-B845-2004BE73BF37}"
EndProject
Project("{9A19103F-16F7-4668-BE54-9A1E7A4F7556}") = "Spotify_DataLayer", "Spotify_DataLayer\Spotify_DataLayer.csproj", "{CA538133-D45A-4694-84FD-3C5450B0079A}"
EndProject
Project("{9A19103F-16F7-4668-BE54-9A1E7A4F7556}") = "Spotify_Service", "Spotify_Service\Spotify_Service.csproj", "{55076E97-59D9-4902-B317-3452A2529EB6}"
EndProject
Project("{FAE04EC0-301F-11D3-BF4B-00C04F79EFBC}") = "DelegateExercise", "DelegateExercise\DelegateExercise.csproj", "{014B478F-4BA0-4FBC-91C4-2545897E30C5}"
EndProject
Global
	GlobalSection(SolutionConfigurationPlatforms) = preSolution
		Debug|Any CPU = Debug|Any CPU
		Release|Any CPU = Release|Any CPU
	EndGlobalSection
	GlobalSection(ProjectConfigurationPlatforms) = postSolution
		{50BDB331-49CD-44F9-911D-53DF2C260296}.Debug|Any CPU.ActiveCfg = Debug|Any CPU
		{50BDB331-49CD-44F9-911D-53DF2C260296}.Debug|Any CPU.Build.0 = Debug|Any CPU
		{50BDB331-49CD-44F9-911D-53DF2C260296}.Release|Any CPU.ActiveCfg = Release|Any CPU
		{50BDB331-49CD-44F9-911D-53DF2C260296}.Release|Any CPU.Build.0 = Release|Any CPU
		{E2AEF881-05E0-4438-9AF7-56F6775AC435}.Debug|Any CPU.ActiveCfg = Debug|Any CPU
		{E2AEF881-05E0-4438-9AF7-56F6775AC435}.Debug|Any CPU.Build.0 = Debug|Any CPU
		{E2AEF881-05E0-4438-9AF7-56F6775AC435}.Release|Any CPU.ActiveCfg = Release|Any CPU
		{E2AEF881-05E0-4438-9AF7-56F6775AC435}.Release|Any CPU.Build.0 = Release|Any CPU
		{1EF76B51-1F32-4A6B-AE5F-248D4F019FD1}.Debug|Any CPU.ActiveCfg = Debug|Any CPU
		{1EF76B51-1F32-4A6B-AE5F-248D4F019FD1}.Debug|Any CPU.Build.0 = Debug|Any CPU
		{1EF76B51-1F32-4A6B-AE5F-248D4F019FD1}.Release|Any CPU.ActiveCfg = Release|Any CPU
		{1EF76B51-1F32-4A6B-AE5F-248D4F019FD1}.Release|Any CPU.Build.0 = Release|Any CPU
		{165F02B1-3360-456B-98FF-0035B3A351D4}.Debug|Any CPU.ActiveCfg = Debug|Any CPU
		{165F02B1-3360-456B-98FF-0035B3A351D4}.Debug|Any CPU.Build.0 = Debug|Any CPU
		{165F02B1-3360-456B-98FF-0035B3A351D4}.Release|Any CPU.ActiveCfg = Release|Any CPU
		{165F02B1-3360-456B-98FF-0035B3A351D4}.Release|Any CPU.Build.0 = Release|Any CPU
		{20FA7B0B-DA8E-4E49-9B4E-8290B9170024}.Debug|Any CPU.ActiveCfg = Debug|Any CPU
		{20FA7B0B-DA8E-4E49-9B4E-8290B9170024}.Debug|Any CPU.Build.0 = Debug|Any CPU
		{20FA7B0B-DA8E-4E49-9B4E-8290B9170024}.Release|Any CPU.ActiveCfg = Release|Any CPU
		{20FA7B0B-DA8E-4E49-9B4E-8290B9170024}.Release|Any CPU.Build.0 = Release|Any CPU
		{DA818F02-8B35-4650-95E8-65F72128500E}.Debug|Any CPU.ActiveCfg = Debug|Any CPU
		{DA818F02-8B35-4650-95E8-65F72128500E}.Debug|Any CPU.Build.0 = Debug|Any CPU
		{DA818F02-8B35-4650-95E8-65F72128500E}.Release|Any CPU.ActiveCfg = Release|Any CPU
		{DA818F02-8B35-4650-95E8-65F72128500E}.Release|Any CPU.Build.0 = Release|Any CPU
		{AE0D3DD7-8F2F-41BB-A89F-7F9C5B8C181A}.Debug|Any CPU.ActiveCfg = Debug|Any CPU
		{AE0D3DD7-8F2F-41BB-A89F-7F9C5B8C181A}.Debug|Any CPU.Build.0 = Debug|Any CPU
		{AE0D3DD7-8F2F-41BB-A89F-7F9C5B8C181A}.Release|Any CPU.ActiveCfg = Release|Any CPU
		{AE0D3DD7-8F2F-41BB-A89F-7F9C5B8C181A}.Release|Any CPU.Build.0 = Release|Any CPU
		{9288DF62-5855-455B-A075-E69E7A69D351}.Debug|Any CPU.ActiveCfg = Debug|Any CPU
		{9288DF62-5855-455B-A075-E69E7A69D351}.Debug|Any CPU.Build.0 = Debug|Any CPU
		{9288DF62-5855-455B-A075-E69E7A69D351}.Release|Any CPU.ActiveCfg = Release|Any CPU
		{9288DF62-5855-455B-A075-E69E7A69D351}.Release|Any CPU.Build.0 = Release|Any CPU
		{03B5FCC7-E190-4CD1-B8BA-7711CD2949CA}.Debug|Any CPU.ActiveCfg = Debug|Any CPU
		{03B5FCC7-E190-4CD1-B8BA-7711CD2949CA}.Debug|Any CPU.Build.0 = Debug|Any CPU
		{03B5FCC7-E190-4CD1-B8BA-7711CD2949CA}.Release|Any CPU.ActiveCfg = Release|Any CPU
		{03B5FCC7-E190-4CD1-B8BA-7711CD2949CA}.Release|Any CPU.Build.0 = Release|Any CPU
		{981C6E54-742F-4D29-BE57-11A711C4712B}.Debug|Any CPU.ActiveCfg = Debug|Any CPU
		{981C6E54-742F-4D29-BE57-11A711C4712B}.Debug|Any CPU.Build.0 = Debug|Any CPU
		{981C6E54-742F-4D29-BE57-11A711C4712B}.Release|Any CPU.ActiveCfg = Release|Any CPU
		{981C6E54-742F-4D29-BE57-11A711C4712B}.Release|Any CPU.Build.0 = Release|Any CPU
		{67DC886C-964B-4C54-BC43-64E6B349F11B}.Debug|Any CPU.ActiveCfg = Debug|Any CPU
		{67DC886C-964B-4C54-BC43-64E6B349F11B}.Debug|Any CPU.Build.0 = Debug|Any CPU
		{67DC886C-964B-4C54-BC43-64E6B349F11B}.Release|Any CPU.ActiveCfg = Release|Any CPU
		{67DC886C-964B-4C54-BC43-64E6B349F11B}.Release|Any CPU.Build.0 = Release|Any CPU
		{4B5DBD58-D910-4287-B845-2004BE73BF37}.Debug|Any CPU.ActiveCfg = Debug|Any CPU
		{4B5DBD58-D910-4287-B845-2004BE73BF37}.Debug|Any CPU.Build.0 = Debug|Any CPU
		{4B5DBD58-D910-4287-B845-2004BE73BF37}.Release|Any CPU.ActiveCfg = Release|Any CPU
		{4B5DBD58-D910-4287-B845-2004BE73BF37}.Release|Any CPU.Build.0 = Release|Any CPU
		{CA538133-D45A-4694-84FD-3C5450B0079A}.Debug|Any CPU.ActiveCfg = Debug|Any CPU
		{CA538133-D45A-4694-84FD-3C5450B0079A}.Debug|Any CPU.Build.0 = Debug|Any CPU
		{CA538133-D45A-4694-84FD-3C5450B0079A}.Release|Any CPU.ActiveCfg = Release|Any CPU
		{CA538133-D45A-4694-84FD-3C5450B0079A}.Release|Any CPU.Build.0 = Release|Any CPU
		{55076E97-59D9-4902-B317-3452A2529EB6}.Debug|Any CPU.ActiveCfg = Debug|Any CPU
		{55076E97-59D9-4902-B317-3452A2529EB6}.Debug|Any CPU.Build.0 = Debug|Any CPU
		{55076E97-59D9-4902-B317-3452A2529EB6}.Release|Any CPU.ActiveCfg = Release|Any CPU
		{55076E97-59D9-4902-B317-3452A2529EB6}.Release|Any CPU.Build.0 = Release|Any CPU
		{014B478F-4BA0-4FBC-91C4-2545897E30C5}.Debug|Any CPU.ActiveCfg = Debug|Any CPU
		{014B478F-4BA0-4FBC-91C4-2545897E30C5}.Debug|Any CPU.Build.0 = Debug|Any CPU
		{014B478F-4BA0-4FBC-91C4-2545897E30C5}.Release|Any CPU.ActiveCfg = Release|Any CPU
		{014B478F-4BA0-4FBC-91C4-2545897E30C5}.Release|Any CPU.Build.0 = Release|Any CPU
	EndGlobalSection
	GlobalSection(SolutionProperties) = preSolution
		HideSolutionNode = FALSE
	EndGlobalSection
	GlobalSection(NestedProjects) = preSolution
		{20FA7B0B-DA8E-4E49-9B4E-8290B9170024} = {126F509D-FD5D-4317-BB7E-08401BD7ACE8}
		{AE0D3DD7-8F2F-41BB-A89F-7F9C5B8C181A} = {126F509D-FD5D-4317-BB7E-08401BD7ACE8}
		{9288DF62-5855-455B-A075-E69E7A69D351} = {126F509D-FD5D-4317-BB7E-08401BD7ACE8}
		{03B5FCC7-E190-4CD1-B8BA-7711CD2949CA} = {29B40015-CC1C-4BFF-956A-282E30D06FAB}
		{981C6E54-742F-4D29-BE57-11A711C4712B} = {29B40015-CC1C-4BFF-956A-282E30D06FAB}
		{67DC886C-964B-4C54-BC43-64E6B349F11B} = {29B40015-CC1C-4BFF-956A-282E30D06FAB}
		{4B5DBD58-D910-4287-B845-2004BE73BF37} = {F06A67BA-8D54-4A1C-82FE-6D300555CE55}
		{CA538133-D45A-4694-84FD-3C5450B0079A} = {F06A67BA-8D54-4A1C-82FE-6D300555CE55}
		{55076E97-59D9-4902-B317-3452A2529EB6} = {F06A67BA-8D54-4A1C-82FE-6D300555CE55}
	EndGlobalSection
	GlobalSection(ExtensibilityGlobals) = postSolution
		SolutionGuid = {E555F253-CE60-4C6A-BB63-3DA9551F9A7F}
	EndGlobalSection
EndGlobal
