
Microsoft Visual Studio Solution File, Format Version 12.00
# Visual Studio Version 17
VisualStudioVersion = 17.7.34221.43
MinimumVisualStudioVersion = 10.0.40219.1
Project("{9A19103F-16F7-4668-BE54-9A1E7A4F7556}") = "InternationalPublicManagement", "InternationalPublicManagement.csproj", "{BE3DECDF-ED5F-447D-B9E4-9CDB9D6D57B5}"
EndProject
Global
	GlobalSection(SolutionConfigurationPlatforms) = preSolution
		Debug|Any CPU = Debug|Any CPU
		Release|Any CPU = Release|Any CPU
	EndGlobalSection
	GlobalSection(ProjectConfigurationPlatforms) = postSolution
		{BE3DECDF-ED5F-447D-B9E4-9CDB9D6D57B5}.Debug|Any CPU.ActiveCfg = Debug|Any CPU
		{BE3DECDF-ED5F-447D-B9E4-9CDB9D6D57B5}.Debug|Any CPU.Build.0 = Debug|Any CPU
		{BE3DECDF-ED5F-447D-B9E4-9CDB9D6D57B5}.Release|Any CPU.ActiveCfg = Release|Any CPU
		{BE3DECDF-ED5F-447D-B9E4-9CDB9D6D57B5}.Release|Any CPU.Build.0 = Release|Any CPU
	EndGlobalSection
	GlobalSection(SolutionProperties) = preSolution
		HideSolutionNode = FALSE
	EndGlobalSection
	GlobalSection(ExtensibilityGlobals) = postSolution
		SolutionGuid = {3DDA9A49-2683-4104-9400-405663B4198F}
	EndGlobalSection
EndGlobal
